// !$*UTF8*$!
{
	archiveVersion = 1;
	classes = {
	};
	objectVersion = 51;
	objects = {

/* Begin PBXBuildFile section */
		2800866926987BBD003A8128 /* DFCButton.swift in Sources */ = {isa = PBXBuildFile; fileRef = 2800866826987BBD003A8128 /* DFCButton.swift */; };
		2800868F269F17C2003A8128 /* DFCTextField.swift in Sources */ = {isa = PBXBuildFile; fileRef = 2800868E269F17C2003A8128 /* DFCTextField.swift */; };
		280086B526A09FB5003A8128 /* LoginViewController.swift in Sources */ = {isa = PBXBuildFile; fileRef = 280086B426A09FB5003A8128 /* LoginViewController.swift */; };
		282B843A26BD66830019A105 /* CollectionView.swift in Sources */ = {isa = PBXBuildFile; fileRef = 282B843926BD66830019A105 /* CollectionView.swift */; };
		282B843D26BD67440019A105 /* CollectionViewCell.swift in Sources */ = {isa = PBXBuildFile; fileRef = 282B843C26BD67440019A105 /* CollectionViewCell.swift */; };
		28380513268F52FC00960988 /* AppDelegate.swift in Sources */ = {isa = PBXBuildFile; fileRef = 28380512268F52FC00960988 /* AppDelegate.swift */; };
		28380515268F52FC00960988 /* SceneDelegate.swift in Sources */ = {isa = PBXBuildFile; fileRef = 28380514268F52FC00960988 /* SceneDelegate.swift */; };
		28380517268F52FC00960988 /* RegisterViewController.swift in Sources */ = {isa = PBXBuildFile; fileRef = 28380516268F52FC00960988 /* RegisterViewController.swift */; };
		2838051C268F530500960988 /* Assets.xcassets in Resources */ = {isa = PBXBuildFile; fileRef = 2838051B268F530500960988 /* Assets.xcassets */; };
		2838051F268F530500960988 /* LaunchScreen.storyboard in Resources */ = {isa = PBXBuildFile; fileRef = 2838051D268F530500960988 /* LaunchScreen.storyboard */; };
		288D40EB26A59DF40021ED89 /* DFCLabel.swift in Sources */ = {isa = PBXBuildFile; fileRef = 288D40EA26A59DF40021ED89 /* DFCLabel.swift */; };
		288D40F826A5A53B0021ED89 /* RoutineSetterController.storyboard in Resources */ = {isa = PBXBuildFile; fileRef = 288D40F726A5A53B0021ED89 /* RoutineSetterController.storyboard */; };
		288D40FB26A5C8BA0021ED89 /* DFCSetterButton.swift in Sources */ = {isa = PBXBuildFile; fileRef = 288D40FA26A5C8BA0021ED89 /* DFCSetterButton.swift */; };
		28A42B3426A1B3FC00993B8D /* TabController.storyboard in Resources */ = {isa = PBXBuildFile; fileRef = 28A42B3326A1B3FC00993B8D /* TabController.storyboard */; };
		28A42B3726A1B42300993B8D /* TabController.swift in Sources */ = {isa = PBXBuildFile; fileRef = 28A42B3626A1B42300993B8D /* TabController.swift */; };
		28A42B3D26A1B5DC00993B8D /* RegisterViewController.storyboard in Resources */ = {isa = PBXBuildFile; fileRef = 28A42B3C26A1B5DC00993B8D /* RegisterViewController.storyboard */; };
		28B2D6BD26A992CB009E3C6F /* DFCSetterView.swift in Sources */ = {isa = PBXBuildFile; fileRef = 28B2D6BC26A992CB009E3C6F /* DFCSetterView.swift */; };
		28B2D6C026A9930F009E3C6F /* DFCSetterView.xib in Resources */ = {isa = PBXBuildFile; fileRef = 28B2D6BF26A9930F009E3C6F /* DFCSetterView.xib */; };
		28B2D6C326A9949B009E3C6F /* DFCSetterModel.swift in Sources */ = {isa = PBXBuildFile; fileRef = 28B2D6C226A9949B009E3C6F /* DFCSetterModel.swift */; };
		28BE02D526A88CF80089C02F /* LoginViewController.storyboard in Resources */ = {isa = PBXBuildFile; fileRef = 28BE02D426A88CF80089C02F /* LoginViewController.storyboard */; };
		4D1AFBC526DD5CA1007C6B7B /* SetterModel.swift in Sources */ = {isa = PBXBuildFile; fileRef = 4D1AFBC426DD5CA1007C6B7B /* SetterModel.swift */; };
		4D947C2826DD8A0C009C1295 /* ProgressViewController.swift in Sources */ = {isa = PBXBuildFile; fileRef = 4D947C2726DD8A0C009C1295 /* ProgressViewController.swift */; };
		4D947C2A26DD8A58009C1295 /* ProgressViewStoryboard.storyboard in Resources */ = {isa = PBXBuildFile; fileRef = 4D947C2926DD8A58009C1295 /* ProgressViewStoryboard.storyboard */; };
		4D947C2C26DD97AD009C1295 /* ProgressModel.swift in Sources */ = {isa = PBXBuildFile; fileRef = 4D947C2B26DD97AD009C1295 /* ProgressModel.swift */; };
		4D947C2E26DD99B6009C1295 /* TableViewCell.swift in Sources */ = {isa = PBXBuildFile; fileRef = 4D947C2D26DD99B6009C1295 /* TableViewCell.swift */; };
		4D947C3026DD9C1C009C1295 /* AddNewWeightController.swift in Sources */ = {isa = PBXBuildFile; fileRef = 4D947C2F26DD9C1C009C1295 /* AddNewWeightController.swift */; };
		67D426485F5C4EFCB58151E1 /* Pods_DFC.framework in Frameworks */ = {isa = PBXBuildFile; fileRef = 83050331E6692E8E10C2582C /* Pods_DFC.framework */; };
/* End PBXBuildFile section */

/* Begin PBXFileReference section */
		2800866826987BBD003A8128 /* DFCButton.swift */ = {isa = PBXFileReference; lastKnownFileType = sourcecode.swift; path = DFCButton.swift; sourceTree = "<group>"; };
		2800868E269F17C2003A8128 /* DFCTextField.swift */ = {isa = PBXFileReference; lastKnownFileType = sourcecode.swift; path = DFCTextField.swift; sourceTree = "<group>"; };
		280086B426A09FB5003A8128 /* LoginViewController.swift */ = {isa = PBXFileReference; lastKnownFileType = sourcecode.swift; path = LoginViewController.swift; sourceTree = "<group>"; };
		282B843926BD66830019A105 /* CollectionView.swift */ = {isa = PBXFileReference; lastKnownFileType = sourcecode.swift; path = CollectionView.swift; sourceTree = "<group>"; };
		282B843C26BD67440019A105 /* CollectionViewCell.swift */ = {isa = PBXFileReference; lastKnownFileType = sourcecode.swift; path = CollectionViewCell.swift; sourceTree = "<group>"; };
		2838050F268F52FC00960988 /* DFC.app */ = {isa = PBXFileReference; explicitFileType = wrapper.application; includeInIndex = 0; path = DFC.app; sourceTree = BUILT_PRODUCTS_DIR; };
		28380512268F52FC00960988 /* AppDelegate.swift */ = {isa = PBXFileReference; lastKnownFileType = sourcecode.swift; path = AppDelegate.swift; sourceTree = "<group>"; };
		28380514268F52FC00960988 /* SceneDelegate.swift */ = {isa = PBXFileReference; lastKnownFileType = sourcecode.swift; path = SceneDelegate.swift; sourceTree = "<group>"; };
		28380516268F52FC00960988 /* RegisterViewController.swift */ = {isa = PBXFileReference; lastKnownFileType = sourcecode.swift; path = RegisterViewController.swift; sourceTree = "<group>"; };
		2838051B268F530500960988 /* Assets.xcassets */ = {isa = PBXFileReference; lastKnownFileType = folder.assetcatalog; path = Assets.xcassets; sourceTree = "<group>"; };
		2838051E268F530500960988 /* Base */ = {isa = PBXFileReference; lastKnownFileType = file.storyboard; name = Base; path = Base.lproj/LaunchScreen.storyboard; sourceTree = "<group>"; };
		28380520268F530500960988 /* Info.plist */ = {isa = PBXFileReference; lastKnownFileType = text.plist.xml; path = Info.plist; sourceTree = "<group>"; };
		288D40EA26A59DF40021ED89 /* DFCLabel.swift */ = {isa = PBXFileReference; lastKnownFileType = sourcecode.swift; path = DFCLabel.swift; sourceTree = "<group>"; };
		288D40F726A5A53B0021ED89 /* RoutineSetterController.storyboard */ = {isa = PBXFileReference; lastKnownFileType = file.storyboard; path = RoutineSetterController.storyboard; sourceTree = "<group>"; };
		288D40FA26A5C8BA0021ED89 /* DFCSetterButton.swift */ = {isa = PBXFileReference; lastKnownFileType = sourcecode.swift; path = DFCSetterButton.swift; sourceTree = "<group>"; };
		28A42B3326A1B3FC00993B8D /* TabController.storyboard */ = {isa = PBXFileReference; lastKnownFileType = file.storyboard; path = TabController.storyboard; sourceTree = "<group>"; };
		28A42B3626A1B42300993B8D /* TabController.swift */ = {isa = PBXFileReference; lastKnownFileType = sourcecode.swift; path = TabController.swift; sourceTree = "<group>"; };
		28A42B3C26A1B5DC00993B8D /* RegisterViewController.storyboard */ = {isa = PBXFileReference; lastKnownFileType = file.storyboard; path = RegisterViewController.storyboard; sourceTree = "<group>"; };
		28B2D6BC26A992CB009E3C6F /* DFCSetterView.swift */ = {isa = PBXFileReference; lastKnownFileType = sourcecode.swift; path = DFCSetterView.swift; sourceTree = "<group>"; };
		28B2D6BF26A9930F009E3C6F /* DFCSetterView.xib */ = {isa = PBXFileReference; lastKnownFileType = file.xib; path = DFCSetterView.xib; sourceTree = "<group>"; };
		28B2D6C226A9949B009E3C6F /* DFCSetterModel.swift */ = {isa = PBXFileReference; lastKnownFileType = sourcecode.swift; path = DFCSetterModel.swift; sourceTree = "<group>"; };
		28BE02D426A88CF80089C02F /* LoginViewController.storyboard */ = {isa = PBXFileReference; fileEncoding = 4; lastKnownFileType = file.storyboard; path = LoginViewController.storyboard; sourceTree = "<group>"; };
		4D1AFBC426DD5CA1007C6B7B /* SetterModel.swift */ = {isa = PBXFileReference; lastKnownFileType = sourcecode.swift; path = SetterModel.swift; sourceTree = "<group>"; };
		4D947C2726DD8A0C009C1295 /* ProgressViewController.swift */ = {isa = PBXFileReference; lastKnownFileType = sourcecode.swift; path = ProgressViewController.swift; sourceTree = "<group>"; };
		4D947C2926DD8A58009C1295 /* ProgressViewStoryboard.storyboard */ = {isa = PBXFileReference; lastKnownFileType = file.storyboard; path = ProgressViewStoryboard.storyboard; sourceTree = "<group>"; };
		4D947C2B26DD97AD009C1295 /* ProgressModel.swift */ = {isa = PBXFileReference; lastKnownFileType = sourcecode.swift; path = ProgressModel.swift; sourceTree = "<group>"; };
		4D947C2D26DD99B6009C1295 /* TableViewCell.swift */ = {isa = PBXFileReference; lastKnownFileType = sourcecode.swift; path = TableViewCell.swift; sourceTree = "<group>"; };
		4D947C2F26DD9C1C009C1295 /* AddNewWeightController.swift */ = {isa = PBXFileReference; lastKnownFileType = sourcecode.swift; path = AddNewWeightController.swift; sourceTree = "<group>"; };
		83050331E6692E8E10C2582C /* Pods_DFC.framework */ = {isa = PBXFileReference; explicitFileType = wrapper.framework; includeInIndex = 0; path = Pods_DFC.framework; sourceTree = BUILT_PRODUCTS_DIR; };
		CA51F7BCF9993D98609C8302 /* Pods-DFC.release.xcconfig */ = {isa = PBXFileReference; includeInIndex = 1; lastKnownFileType = text.xcconfig; name = "Pods-DFC.release.xcconfig"; path = "Target Support Files/Pods-DFC/Pods-DFC.release.xcconfig"; sourceTree = "<group>"; };
		F5FD1C34C67293631E1ED418 /* Pods-DFC.debug.xcconfig */ = {isa = PBXFileReference; includeInIndex = 1; lastKnownFileType = text.xcconfig; name = "Pods-DFC.debug.xcconfig"; path = "Target Support Files/Pods-DFC/Pods-DFC.debug.xcconfig"; sourceTree = "<group>"; };
/* End PBXFileReference section */

/* Begin PBXFrameworksBuildPhase section */
		2838050C268F52FC00960988 /* Frameworks */ = {
			isa = PBXFrameworksBuildPhase;
			buildActionMask = 2147483647;
			files = (
				67D426485F5C4EFCB58151E1 /* Pods_DFC.framework in Frameworks */,
			);
			runOnlyForDeploymentPostprocessing = 0;
		};
/* End PBXFrameworksBuildPhase section */

/* Begin PBXGroup section */
		2800866526987B7F003A8128 /* Classes */ = {
			isa = PBXGroup;
			children = (
				4D947C2626DD89F6009C1295 /* ProgressView */,
				4D1AFBC326DD5C91007C6B7B /* Models */,
				282B843826BD666D0019A105 /* CollectionView */,
				288D40F226A5A4DD0021ED89 /* RegisterSettersViews */,
				28A42B3B26A1B5C000993B8D /* RegisterView */,
				28A42B3A26A1B5B600993B8D /* LoginView */,
				28A42B3226A1B3DB00993B8D /* TabController */,
				2800866626987B8B003A8128 /* Components */,
			);
			path = Classes;
			sourceTree = "<group>";
		};
		2800866626987B8B003A8128 /* Components */ = {
			isa = PBXGroup;
			children = (
				28B2D6BB26A992BB009E3C6F /* DFCView */,
				288D40E926A59DE30021ED89 /* DFCLabel */,
				2800868D269F17AA003A8128 /* DFCTextField */,
				2800866726987BA0003A8128 /* DFCButton */,
			);
			path = Components;
			sourceTree = "<group>";
		};
		2800866726987BA0003A8128 /* DFCButton */ = {
			isa = PBXGroup;
			children = (
				2800866826987BBD003A8128 /* DFCButton.swift */,
				288D40FA26A5C8BA0021ED89 /* DFCSetterButton.swift */,
			);
			path = DFCButton;
			sourceTree = "<group>";
		};
		2800868D269F17AA003A8128 /* DFCTextField */ = {
			isa = PBXGroup;
			children = (
				2800868E269F17C2003A8128 /* DFCTextField.swift */,
			);
			path = DFCTextField;
			sourceTree = "<group>";
		};
		282B843826BD666D0019A105 /* CollectionView */ = {
			isa = PBXGroup;
			children = (
				282B843926BD66830019A105 /* CollectionView.swift */,
				282B843C26BD67440019A105 /* CollectionViewCell.swift */,
			);
			path = CollectionView;
			sourceTree = "<group>";
		};
		28380506268F52FC00960988 = {
			isa = PBXGroup;
			children = (
				28380511268F52FC00960988 /* DFC */,
				28380510268F52FC00960988 /* Products */,
				2C1DC912C54D046F5AFBBFED /* Pods */,
				7BF98551CB3C88DA0D09C8F2 /* Frameworks */,
			);
			sourceTree = "<group>";
		};
		28380510268F52FC00960988 /* Products */ = {
			isa = PBXGroup;
			children = (
				2838050F268F52FC00960988 /* DFC.app */,
			);
			name = Products;
			sourceTree = "<group>";
		};
		28380511268F52FC00960988 /* DFC */ = {
			isa = PBXGroup;
			children = (
				2800866526987B7F003A8128 /* Classes */,
				28380512268F52FC00960988 /* AppDelegate.swift */,
				28380514268F52FC00960988 /* SceneDelegate.swift */,
				2838051B268F530500960988 /* Assets.xcassets */,
				2838051D268F530500960988 /* LaunchScreen.storyboard */,
				28380520268F530500960988 /* Info.plist */,
			);
			path = DFC;
			sourceTree = "<group>";
		};
		288D40E926A59DE30021ED89 /* DFCLabel */ = {
			isa = PBXGroup;
			children = (
				288D40EA26A59DF40021ED89 /* DFCLabel.swift */,
			);
			path = DFCLabel;
			sourceTree = "<group>";
		};
		288D40F226A5A4DD0021ED89 /* RegisterSettersViews */ = {
			isa = PBXGroup;
			children = (
				288D40F326A5A4F00021ED89 /* RoutineSetter */,
			);
			path = RegisterSettersViews;
			sourceTree = "<group>";
		};
		288D40F326A5A4F00021ED89 /* RoutineSetter */ = {
			isa = PBXGroup;
			children = (
				288D40F726A5A53B0021ED89 /* RoutineSetterController.storyboard */,
			);
			path = RoutineSetter;
			sourceTree = "<group>";
		};
		28A42B3226A1B3DB00993B8D /* TabController */ = {
			isa = PBXGroup;
			children = (
				28A42B3626A1B42300993B8D /* TabController.swift */,
				28A42B3326A1B3FC00993B8D /* TabController.storyboard */,
			);
			path = TabController;
			sourceTree = "<group>";
		};
		28A42B3A26A1B5B600993B8D /* LoginView */ = {
			isa = PBXGroup;
			children = (
				28BE02D426A88CF80089C02F /* LoginViewController.storyboard */,
				280086B426A09FB5003A8128 /* LoginViewController.swift */,
			);
			path = LoginView;
			sourceTree = "<group>";
		};
		28A42B3B26A1B5C000993B8D /* RegisterView */ = {
			isa = PBXGroup;
			children = (
				28380516268F52FC00960988 /* RegisterViewController.swift */,
				28A42B3C26A1B5DC00993B8D /* RegisterViewController.storyboard */,
			);
			path = RegisterView;
			sourceTree = "<group>";
		};
		28B2D6BB26A992BB009E3C6F /* DFCView */ = {
			isa = PBXGroup;
			children = (
				28B2D6BC26A992CB009E3C6F /* DFCSetterView.swift */,
				28B2D6BF26A9930F009E3C6F /* DFCSetterView.xib */,
				28B2D6C226A9949B009E3C6F /* DFCSetterModel.swift */,
			);
			path = DFCView;
			sourceTree = "<group>";
		};
		2C1DC912C54D046F5AFBBFED /* Pods */ = {
			isa = PBXGroup;
			children = (
				F5FD1C34C67293631E1ED418 /* Pods-DFC.debug.xcconfig */,
				CA51F7BCF9993D98609C8302 /* Pods-DFC.release.xcconfig */,
			);
			path = Pods;
			sourceTree = "<group>";
		};
		4D1AFBC326DD5C91007C6B7B /* Models */ = {
			isa = PBXGroup;
			children = (
				4D1AFBC426DD5CA1007C6B7B /* SetterModel.swift */,
				4D947C2B26DD97AD009C1295 /* ProgressModel.swift */,
			);
			path = Models;
			sourceTree = "<group>";
		};
		4D947C2626DD89F6009C1295 /* ProgressView */ = {
			isa = PBXGroup;
			children = (
				4D947C2726DD8A0C009C1295 /* ProgressViewController.swift */,
				4D947C2926DD8A58009C1295 /* ProgressViewStoryboard.storyboard */,
				4D947C2D26DD99B6009C1295 /* TableViewCell.swift */,
				4D947C2F26DD9C1C009C1295 /* AddNewWeightController.swift */,
			);
			path = ProgressView;
			sourceTree = "<group>";
		};
		7BF98551CB3C88DA0D09C8F2 /* Frameworks */ = {
			isa = PBXGroup;
			children = (
				83050331E6692E8E10C2582C /* Pods_DFC.framework */,
			);
			name = Frameworks;
			sourceTree = "<group>";
		};
/* End PBXGroup section */

/* Begin PBXNativeTarget section */
		2838050E268F52FC00960988 /* DFC */ = {
			isa = PBXNativeTarget;
			buildConfigurationList = 28380523268F530500960988 /* Build configuration list for PBXNativeTarget "DFC" */;
			buildPhases = (
				DCC48A6E5BEC90B203BADBE5 /* [CP] Check Pods Manifest.lock */,
				2838050B268F52FC00960988 /* Sources */,
				2838050C268F52FC00960988 /* Frameworks */,
				2838050D268F52FC00960988 /* Resources */,
				20DED51998C0EBB9AB29AE26 /* [CP] Embed Pods Frameworks */,
			);
			buildRules = (
			);
			dependencies = (
			);
			name = DFC;
			productName = DFC;
			productReference = 2838050F268F52FC00960988 /* DFC.app */;
			productType = "com.apple.product-type.application";
		};
/* End PBXNativeTarget section */

/* Begin PBXProject section */
		28380507268F52FC00960988 /* Project object */ = {
			isa = PBXProject;
			attributes = {
				LastSwiftUpdateCheck = 1240;
				LastUpgradeCheck = 1240;
				TargetAttributes = {
					2838050E268F52FC00960988 = {
						CreatedOnToolsVersion = 12.4;
					};
				};
			};
			buildConfigurationList = 2838050A268F52FC00960988 /* Build configuration list for PBXProject "DFC" */;
			compatibilityVersion = "Xcode 9.3";
			developmentRegion = en;
			hasScannedForEncodings = 0;
			knownRegions = (
				en,
				Base,
			);
			mainGroup = 28380506268F52FC00960988;
			productRefGroup = 28380510268F52FC00960988 /* Products */;
			projectDirPath = "";
			projectRoot = "";
			targets = (
				2838050E268F52FC00960988 /* DFC */,
			);
		};
/* End PBXProject section */

/* Begin PBXResourcesBuildPhase section */
		2838050D268F52FC00960988 /* Resources */ = {
			isa = PBXResourcesBuildPhase;
			buildActionMask = 2147483647;
			files = (
				28B2D6C026A9930F009E3C6F /* DFCSetterView.xib in Resources */,
				288D40F826A5A53B0021ED89 /* RoutineSetterController.storyboard in Resources */,
				2838051F268F530500960988 /* LaunchScreen.storyboard in Resources */,
				4D947C2A26DD8A58009C1295 /* ProgressViewStoryboard.storyboard in Resources */,
				2838051C268F530500960988 /* Assets.xcassets in Resources */,
				28A42B3D26A1B5DC00993B8D /* RegisterViewController.storyboard in Resources */,
				28BE02D526A88CF80089C02F /* LoginViewController.storyboard in Resources */,
				28A42B3426A1B3FC00993B8D /* TabController.storyboard in Resources */,
			);
			runOnlyForDeploymentPostprocessing = 0;
		};
/* End PBXResourcesBuildPhase section */

/* Begin PBXShellScriptBuildPhase section */
		20DED51998C0EBB9AB29AE26 /* [CP] Embed Pods Frameworks */ = {
			isa = PBXShellScriptBuildPhase;
			buildActionMask = 2147483647;
			files = (
			);
			inputFileListPaths = (
				"${PODS_ROOT}/Target Support Files/Pods-DFC/Pods-DFC-frameworks-${CONFIGURATION}-input-files.xcfilelist",
			);
			name = "[CP] Embed Pods Frameworks";
			outputFileListPaths = (
				"${PODS_ROOT}/Target Support Files/Pods-DFC/Pods-DFC-frameworks-${CONFIGURATION}-output-files.xcfilelist",
			);
			runOnlyForDeploymentPostprocessing = 0;
			shellPath = /bin/sh;
			shellScript = "\"${PODS_ROOT}/Target Support Files/Pods-DFC/Pods-DFC-frameworks.sh\"\n";
			showEnvVarsInLog = 0;
		};
		DCC48A6E5BEC90B203BADBE5 /* [CP] Check Pods Manifest.lock */ = {
			isa = PBXShellScriptBuildPhase;
			buildActionMask = 2147483647;
			files = (
			);
			inputFileListPaths = (
			);
			inputPaths = (
				"${PODS_PODFILE_DIR_PATH}/Podfile.lock",
				"${PODS_ROOT}/Manifest.lock",
			);
			name = "[CP] Check Pods Manifest.lock";
			outputFileListPaths = (
			);
			outputPaths = (
				"$(DERIVED_FILE_DIR)/Pods-DFC-checkManifestLockResult.txt",
			);
			runOnlyForDeploymentPostprocessing = 0;
			shellPath = /bin/sh;
			shellScript = "diff \"${PODS_PODFILE_DIR_PATH}/Podfile.lock\" \"${PODS_ROOT}/Manifest.lock\" > /dev/null\nif [ $? != 0 ] ; then\n    # print error to STDERR\n    echo \"error: The sandbox is not in sync with the Podfile.lock. Run 'pod install' or update your CocoaPods installation.\" >&2\n    exit 1\nfi\n# This output is used by Xcode 'outputs' to avoid re-running this script phase.\necho \"SUCCESS\" > \"${SCRIPT_OUTPUT_FILE_0}\"\n";
			showEnvVarsInLog = 0;
		};
/* End PBXShellScriptBuildPhase section */

/* Begin PBXSourcesBuildPhase section */
		2838050B268F52FC00960988 /* Sources */ = {
			isa = PBXSourcesBuildPhase;
			buildActionMask = 2147483647;
			files = (
				4D947C3026DD9C1C009C1295 /* AddNewWeightController.swift in Sources */,
				288D40FB26A5C8BA0021ED89 /* DFCSetterButton.swift in Sources */,
				28A42B3726A1B42300993B8D /* TabController.swift in Sources */,
				28B2D6BD26A992CB009E3C6F /* DFCSetterView.swift in Sources */,
				280086B526A09FB5003A8128 /* LoginViewController.swift in Sources */,
				282B843A26BD66830019A105 /* CollectionView.swift in Sources */,
				4D947C2C26DD97AD009C1295 /* ProgressModel.swift in Sources */,
				28380517268F52FC00960988 /* RegisterViewController.swift in Sources */,
				28380513268F52FC00960988 /* AppDelegate.swift in Sources */,
				28380515268F52FC00960988 /* SceneDelegate.swift in Sources */,
				4D1AFBC526DD5CA1007C6B7B /* SetterModel.swift in Sources */,
				28B2D6C326A9949B009E3C6F /* DFCSetterModel.swift in Sources */,
				4D947C2826DD8A0C009C1295 /* ProgressViewController.swift in Sources */,
				282B843D26BD67440019A105 /* CollectionViewCell.swift in Sources */,
				2800868F269F17C2003A8128 /* DFCTextField.swift in Sources */,
				4D947C2E26DD99B6009C1295 /* TableViewCell.swift in Sources */,
				288D40EB26A59DF40021ED89 /* DFCLabel.swift in Sources */,
				2800866926987BBD003A8128 /* DFCButton.swift in Sources */,
			);
			runOnlyForDeploymentPostprocessing = 0;
		};
/* End PBXSourcesBuildPhase section */

/* Begin PBXVariantGroup section */
		2838051D268F530500960988 /* LaunchScreen.storyboard */ = {
			isa = PBXVariantGroup;
			children = (
				2838051E268F530500960988 /* Base */,
			);
			name = LaunchScreen.storyboard;
			sourceTree = "<group>";
		};
/* End PBXVariantGroup section */

/* Begin XCBuildConfiguration section */
		28380521268F530500960988 /* Debug */ = {
			isa = XCBuildConfiguration;
			buildSettings = {
				ALWAYS_SEARCH_USER_PATHS = NO;
				CLANG_ANALYZER_NONNULL = YES;
				CLANG_ANALYZER_NUMBER_OBJECT_CONVERSION = YES_AGGRESSIVE;
				CLANG_CXX_LANGUAGE_STANDARD = "gnu++14";
				CLANG_CXX_LIBRARY = "libc++";
				CLANG_ENABLE_MODULES = YES;
				CLANG_ENABLE_OBJC_ARC = YES;
				CLANG_ENABLE_OBJC_WEAK = YES;
				CLANG_WARN_BLOCK_CAPTURE_AUTORELEASING = YES;
				CLANG_WARN_BOOL_CONVERSION = YES;
				CLANG_WARN_COMMA = YES;
				CLANG_WARN_CONSTANT_CONVERSION = YES;
				CLANG_WARN_DEPRECATED_OBJC_IMPLEMENTATIONS = YES;
				CLANG_WARN_DIRECT_OBJC_ISA_USAGE = YES_ERROR;
				CLANG_WARN_DOCUMENTATION_COMMENTS = YES;
				CLANG_WARN_EMPTY_BODY = YES;
				CLANG_WARN_ENUM_CONVERSION = YES;
				CLANG_WARN_INFINITE_RECURSION = YES;
				CLANG_WARN_INT_CONVERSION = YES;
				CLANG_WARN_NON_LITERAL_NULL_CONVERSION = YES;
				CLANG_WARN_OBJC_IMPLICIT_RETAIN_SELF = YES;
				CLANG_WARN_OBJC_LITERAL_CONVERSION = YES;
				CLANG_WARN_OBJC_ROOT_CLASS = YES_ERROR;
				CLANG_WARN_QUOTED_INCLUDE_IN_FRAMEWORK_HEADER = YES;
				CLANG_WARN_RANGE_LOOP_ANALYSIS = YES;
				CLANG_WARN_STRICT_PROTOTYPES = YES;
				CLANG_WARN_SUSPICIOUS_MOVE = YES;
				CLANG_WARN_UNGUARDED_AVAILABILITY = YES_AGGRESSIVE;
				CLANG_WARN_UNREACHABLE_CODE = YES;
				CLANG_WARN__DUPLICATE_METHOD_MATCH = YES;
				COPY_PHASE_STRIP = NO;
				DEBUG_INFORMATION_FORMAT = dwarf;
				ENABLE_STRICT_OBJC_MSGSEND = YES;
				ENABLE_TESTABILITY = YES;
				GCC_C_LANGUAGE_STANDARD = gnu11;
				GCC_DYNAMIC_NO_PIC = NO;
				GCC_NO_COMMON_BLOCKS = YES;
				GCC_OPTIMIZATION_LEVEL = 0;
				GCC_PREPROCESSOR_DEFINITIONS = (
					"DEBUG=1",
					"$(inherited)",
				);
				GCC_WARN_64_TO_32_BIT_CONVERSION = YES;
				GCC_WARN_ABOUT_RETURN_TYPE = YES_ERROR;
				GCC_WARN_UNDECLARED_SELECTOR = YES;
				GCC_WARN_UNINITIALIZED_AUTOS = YES_AGGRESSIVE;
				GCC_WARN_UNUSED_FUNCTION = YES;
				GCC_WARN_UNUSED_VARIABLE = YES;
				IPHONEOS_DEPLOYMENT_TARGET = 14.4;
				MTL_ENABLE_DEBUG_INFO = INCLUDE_SOURCE;
				MTL_FAST_MATH = YES;
				ONLY_ACTIVE_ARCH = YES;
				SDKROOT = iphoneos;
				SWIFT_ACTIVE_COMPILATION_CONDITIONS = DEBUG;
				SWIFT_OPTIMIZATION_LEVEL = "-Onone";
			};
			name = Debug;
		};
		28380522268F530500960988 /* Release */ = {
			isa = XCBuildConfiguration;
			buildSettings = {
				ALWAYS_SEARCH_USER_PATHS = NO;
				CLANG_ANALYZER_NONNULL = YES;
				CLANG_ANALYZER_NUMBER_OBJECT_CONVERSION = YES_AGGRESSIVE;
				CLANG_CXX_LANGUAGE_STANDARD = "gnu++14";
				CLANG_CXX_LIBRARY = "libc++";
				CLANG_ENABLE_MODULES = YES;
				CLANG_ENABLE_OBJC_ARC = YES;
				CLANG_ENABLE_OBJC_WEAK = YES;
				CLANG_WARN_BLOCK_CAPTURE_AUTORELEASING = YES;
				CLANG_WARN_BOOL_CONVERSION = YES;
				CLANG_WARN_COMMA = YES;
				CLANG_WARN_CONSTANT_CONVERSION = YES;
				CLANG_WARN_DEPRECATED_OBJC_IMPLEMENTATIONS = YES;
				CLANG_WARN_DIRECT_OBJC_ISA_USAGE = YES_ERROR;
				CLANG_WARN_DOCUMENTATION_COMMENTS = YES;
				CLANG_WARN_EMPTY_BODY = YES;
				CLANG_WARN_ENUM_CONVERSION = YES;
				CLANG_WARN_INFINITE_RECURSION = YES;
				CLANG_WARN_INT_CONVERSION = YES;
				CLANG_WARN_NON_LITERAL_NULL_CONVERSION = YES;
				CLANG_WARN_OBJC_IMPLICIT_RETAIN_SELF = YES;
				CLANG_WARN_OBJC_LITERAL_CONVERSION = YES;
				CLANG_WARN_OBJC_ROOT_CLASS = YES_ERROR;
				CLANG_WARN_QUOTED_INCLUDE_IN_FRAMEWORK_HEADER = YES;
				CLANG_WARN_RANGE_LOOP_ANALYSIS = YES;
				CLANG_WARN_STRICT_PROTOTYPES = YES;
				CLANG_WARN_SUSPICIOUS_MOVE = YES;
				CLANG_WARN_UNGUARDED_AVAILABILITY = YES_AGGRESSIVE;
				CLANG_WARN_UNREACHABLE_CODE = YES;
				CLANG_WARN__DUPLICATE_METHOD_MATCH = YES;
				COPY_PHASE_STRIP = NO;
				DEBUG_INFORMATION_FORMAT = "dwarf-with-dsym";
				ENABLE_NS_ASSERTIONS = NO;
				ENABLE_STRICT_OBJC_MSGSEND = YES;
				GCC_C_LANGUAGE_STANDARD = gnu11;
				GCC_NO_COMMON_BLOCKS = YES;
				GCC_WARN_64_TO_32_BIT_CONVERSION = YES;
				GCC_WARN_ABOUT_RETURN_TYPE = YES_ERROR;
				GCC_WARN_UNDECLARED_SELECTOR = YES;
				GCC_WARN_UNINITIALIZED_AUTOS = YES_AGGRESSIVE;
				GCC_WARN_UNUSED_FUNCTION = YES;
				GCC_WARN_UNUSED_VARIABLE = YES;
				IPHONEOS_DEPLOYMENT_TARGET = 14.4;
				MTL_ENABLE_DEBUG_INFO = NO;
				MTL_FAST_MATH = YES;
				SDKROOT = iphoneos;
				SWIFT_COMPILATION_MODE = wholemodule;
				SWIFT_OPTIMIZATION_LEVEL = "-O";
				VALIDATE_PRODUCT = YES;
			};
			name = Release;
		};
		28380524268F530500960988 /* Debug */ = {
			isa = XCBuildConfiguration;
			baseConfigurationReference = F5FD1C34C67293631E1ED418 /* Pods-DFC.debug.xcconfig */;
			buildSettings = {
				ASSETCATALOG_COMPILER_APPICON_NAME = AppIcon;
				ASSETCATALOG_COMPILER_GLOBAL_ACCENT_COLOR_NAME = AccentColor;
				CODE_SIGN_STYLE = Automatic;
				INFOPLIST_FILE = DFC/Info.plist;
				IPHONEOS_DEPLOYMENT_TARGET = 13.0;
				LD_RUNPATH_SEARCH_PATHS = (
					"$(inherited)",
					"@executable_path/Frameworks",
				);
				PRODUCT_BUNDLE_IDENTIFIER = Marko.DFC;
				PRODUCT_NAME = "$(TARGET_NAME)";
				SWIFT_VERSION = 5.0;
				TARGETED_DEVICE_FAMILY = "1,2";
			};
			name = Debug;
		};
		28380525268F530500960988 /* Release */ = {
			isa = XCBuildConfiguration;
			baseConfigurationReference = CA51F7BCF9993D98609C8302 /* Pods-DFC.release.xcconfig */;
			buildSettings = {
				ASSETCATALOG_COMPILER_APPICON_NAME = AppIcon;
				ASSETCATALOG_COMPILER_GLOBAL_ACCENT_COLOR_NAME = AccentColor;
				CODE_SIGN_STYLE = Automatic;
				INFOPLIST_FILE = DFC/Info.plist;
				IPHONEOS_DEPLOYMENT_TARGET = 13.0;
				LD_RUNPATH_SEARCH_PATHS = (
					"$(inherited)",
					"@executable_path/Frameworks",
				);
				PRODUCT_BUNDLE_IDENTIFIER = Marko.DFC;
				PRODUCT_NAME = "$(TARGET_NAME)";
				SWIFT_VERSION = 5.0;
				TARGETED_DEVICE_FAMILY = "1,2";
			};
			name = Release;
		};
/* End XCBuildConfiguration section */

/* Begin XCConfigurationList section */
		2838050A268F52FC00960988 /* Build configuration list for PBXProject "DFC" */ = {
			isa = XCConfigurationList;
			buildConfigurations = (
				28380521268F530500960988 /* Debug */,
				28380522268F530500960988 /* Release */,
			);
			defaultConfigurationIsVisible = 0;
			defaultConfigurationName = Release;
		};
		28380523268F530500960988 /* Build configuration list for PBXNativeTarget "DFC" */ = {
			isa = XCConfigurationList;
			buildConfigurations = (
				28380524268F530500960988 /* Debug */,
				28380525268F530500960988 /* Release */,
			);
			defaultConfigurationIsVisible = 0;
			defaultConfigurationName = Release;
		};
/* End XCConfigurationList section */
	};
	rootObject = 28380507268F52FC00960988 /* Project object */;
}
